
Microsoft Visual Studio Solution File, Format Version 12.00
# Visual Studio 15
VisualStudioVersion = 15.0.28307.421
MinimumVisualStudioVersion = 10.0.40219.1
Project("{FAE04EC0-301F-11D3-BF4B-00C04F79EFBC}") = "SHPTest", "SHP\SHPTest.csproj", "{5661E695-EE3C-4994-9871-F3D4435AA853}"
EndProject
Project("{FAE04EC0-301F-11D3-BF4B-00C04F79EFBC}") = "SHPOperations", "SHPOperations\SHPOperations.csproj", "{B2130673-9161-40DD-8465-384C698AC308}"
EndProject
Global
	GlobalSection(SolutionConfigurationPlatforms) = preSolution
		Debug|Any CPU = Debug|Any CPU
		Release|Any CPU = Release|Any CPU
	EndGlobalSection
	GlobalSection(ProjectConfigurationPlatforms) = postSolution
		{5661E695-EE3C-4994-9871-F3D4435AA853}.Debug|Any CPU.ActiveCfg = Debug|Any CPU
		{5661E695-EE3C-4994-9871-F3D4435AA853}.Debug|Any CPU.Build.0 = Debug|Any CPU
		{5661E695-EE3C-4994-9871-F3D4435AA853}.Release|Any CPU.ActiveCfg = Release|Any CPU
		{5661E695-EE3C-4994-9871-F3D4435AA853}.Release|Any CPU.Build.0 = Release|Any CPU
		{B2130673-9161-40DD-8465-384C698AC308}.Debug|Any CPU.ActiveCfg = Debug|Any CPU
		{B2130673-9161-40DD-8465-384C698AC308}.Debug|Any CPU.Build.0 = Debug|Any CPU
		{B2130673-9161-40DD-8465-384C698AC308}.Release|Any CPU.ActiveCfg = Release|Any CPU
		{B2130673-9161-40DD-8465-384C698AC308}.Release|Any CPU.Build.0 = Release|Any CPU
	EndGlobalSection
	GlobalSection(SolutionProperties) = preSolution
		HideSolutionNode = FALSE
	EndGlobalSection
	GlobalSection(ExtensibilityGlobals) = postSolution
		SolutionGuid = {03F4B4DA-B935-4CC9-944F-BCE08C73FBE2}
	EndGlobalSection
EndGlobal
